
Microsoft Visual Studio Solution File, Format Version 12.00
Project("{FAE04EC0-301F-11D3-BF4B-00C04F79EFBC}") = "WebApplication1", "WebApplication1\WebApplication1.csproj", "{D37CC88A-5BF2-4B31-8CB9-924D24316642}"
EndProject
Project("{FAE04EC0-301F-11D3-BF4B-00C04F79EFBC}") = "TestProject3", "TestProject3\TestProject3.csproj", "{C1C41DE7-AF2D-4424-A685-98C217955E19}"
EndProject
Global
	GlobalSection(SolutionConfigurationPlatforms) = preSolution
		Debug|Any CPU = Debug|Any CPU
		Release|Any CPU = Release|Any CPU
	EndGlobalSection
	GlobalSection(ProjectConfigurationPlatforms) = postSolution
		{D37CC88A-5BF2-4B31-8CB9-924D24316642}.Debug|Any CPU.ActiveCfg = Debug|Any CPU
		{D37CC88A-5BF2-4B31-8CB9-924D24316642}.Debug|Any CPU.Build.0 = Debug|Any CPU
		{D37CC88A-5BF2-4B31-8CB9-924D24316642}.Release|Any CPU.ActiveCfg = Release|Any CPU
		{D37CC88A-5BF2-4B31-8CB9-924D24316642}.Release|Any CPU.Build.0 = Release|Any CPU
		{C1C41DE7-AF2D-4424-A685-98C217955E19}.Debug|Any CPU.ActiveCfg = Debug|Any CPU
		{C1C41DE7-AF2D-4424-A685-98C217955E19}.Debug|Any CPU.Build.0 = Debug|Any CPU
		{C1C41DE7-AF2D-4424-A685-98C217955E19}.Release|Any CPU.ActiveCfg = Release|Any CPU
		{C1C41DE7-AF2D-4424-A685-98C217955E19}.Release|Any CPU.Build.0 = Release|Any CPU
	EndGlobalSection
EndGlobal
